
Microsoft Visual Studio Solution File, Format Version 12.00
# Visual Studio 15
VisualStudioVersion = 15.0.26730.16
MinimumVisualStudioVersion = 10.0.40219.1
Project("{FAE04EC0-301F-11D3-BF4B-00C04F79EFBC}") = "csharp-fundamentos", "csharp-fundamentos\csharp-fundamentos.csproj", "{9317FE87-90A0-408F-82B5-69F46D0030D8}"
EndProject
Global
	GlobalSection(SolutionConfigurationPlatforms) = preSolution
		Debug|Any CPU = Debug|Any CPU
		Release|Any CPU = Release|Any CPU
	EndGlobalSection
	GlobalSection(ProjectConfigurationPlatforms) = postSolution
		{9317FE87-90A0-408F-82B5-69F46D0030D8}.Debug|Any CPU.ActiveCfg = Debug|Any CPU
		{9317FE87-90A0-408F-82B5-69F46D0030D8}.Debug|Any CPU.Build.0 = Debug|Any CPU
		{9317FE87-90A0-408F-82B5-69F46D0030D8}.Release|Any CPU.ActiveCfg = Release|Any CPU
		{9317FE87-90A0-408F-82B5-69F46D0030D8}.Release|Any CPU.Build.0 = Release|Any CPU
	EndGlobalSection
	GlobalSection(SolutionProperties) = preSolution
		HideSolutionNode = FALSE
	EndGlobalSection
	GlobalSection(ExtensibilityGlobals) = postSolution
		SolutionGuid = {5A1B9658-741A-4B8D-BBDD-447D1E5CA135}
	EndGlobalSection
EndGlobal
